// !$*UTF8*$!
{
	archiveVersion = 1;
	classes = {
	};
	objectVersion = 77;
	objects = {

/* Begin PBXContainerItemProxy section */
		C5D920D12F732FE9003D0A74 /* PBXContainerItemProxy */ = {
			isa = PBXContainerItemProxy;
			containerPortal = C5D920B92F732FE8003D0A74 /* Project object */;
			proxyType = 1;
			remoteGlobalIDString = C5D920C02F732FE8003D0A74;
			remoteInfo = DGTStudioPro;
		};
		C5D920DB2F732FE9003D0A74 /* PBXContainerItemProxy */ = {
			isa = PBXContainerItemProxy;
			containerPortal = C5D920B92F732FE8003D0A74 /* Project object */;
			proxyType = 1;
			remoteGlobalIDString = C5D920C02F732FE8003D0A74;
			remoteInfo = DGTStudioPro;
		};
/* End PBXContainerItemProxy section */

/* Begin PBXFileReference section */
		C5D920C12F732FE8003D0A74 /* DGTStudioPro.app */ = {isa = PBXFileReference; explicitFileType = wrapper.application; includeInIndex = 0; path = DGTStudioPro.app; sourceTree = BUILT_PRODUCTS_DIR; };
		C5D920D02F732FE9003D0A74 /* DGTStudioProTests.xctest */ = {isa = PBXFileReference; explicitFileType = wrapper.cfbundle; includeInIndex = 0; path = DGTStudioProTests.xctest; sourceTree = BUILT_PRODUCTS_DIR; };
		C5D920DA2F732FE9003D0A74 /* DGTStudioProUITests.xctest */ = {isa = PBXFileReference; explicitFileType = wrapper.cfbundle; includeInIndex = 0; path = DGTStudioProUITests.xctest; sourceTree = BUILT_PRODUCTS_DIR; };
/* End PBXFileReference section */

/* Begin PBXFileSystemSynchronizedRootGroup section */
		C5D920C32F732FE8003D0A74 /* DGTStudioPro */ = {
			isa = PBXFileSystemSynchronizedRootGroup;
			path = DGTStudioPro;
			sourceTree = "<group>";
		};
		C5D920D32F732FE9003D0A74 /* DGTStudioProTests */ = {
			isa = PBXFileSystemSynchronizedRootGroup;
			path = DGTStudioProTests;
			sourceTree = "<group>";
		};
		C5D920DD2F732FE9003D0A74 /* DGTStudioProUITests */ = {
			isa = PBXFileSystemSynchronizedRootGroup;
			path = DGTStudioProUITests;
			sourceTree = "<group>";
		};
/* End PBXFileSystemSynchronizedRootGroup section */

/* Begin PBXFrameworksBuildPhase section */
		C5D920BE2F732FE8003D0A74 /* Frameworks */ = {
			isa = PBXFrameworksBuildPhase;
			buildActionMask = 2147483647;
			files = (
			);
			runOnlyForDeploymentPostprocessing = 0;
		};
		C5D920CD2F732FE9003D0A74 /* Frameworks */ = {
			isa = PBXFrameworksBuildPhase;
			buildActionMask = 2147483647;
			files = (
			);
			runOnlyForDeploymentPostprocessing = 0;
		};
		C5D920D72F732FE9003D0A74 /* Frameworks */ = {
			isa = PBXFrameworksBuildPhase;
			buildActionMask = 2147483647;
			files = (
			);
			runOnlyForDeploymentPostprocessing = 0;
		};
/* End PBXFrameworksBuildPhase section */

/* Begin PBXGroup section */
		C5D920B82F732FE8003D0A74 = {
			isa = PBXGroup;
			children = (
				C5D920C32F732FE8003D0A74 /* DGTStudioPro */,
				C5D920D32F732FE9003D0A74 /* DGTStudioProTests */,
				C5D920DD2F732FE9003D0A74 /* DGTStudioProUITests */,
				C5D920C22F732FE8003D0A74 /* Products */,
			);
			sourceTree = "<group>";
		};
		C5D920C22F732FE8003D0A74 /* Products */ = {
			isa = PBXGroup;
			children = (
				C5D920C12F732FE8003D0A74 /* DGTStudioPro.app */,
				C5D920D02F732FE9003D0A74 /* DGTStudioProTests.xctest */,
				C5D920DA2F732FE9003D0A74 /* DGTStudioProUITests.xctest */,
			);
			name = Products;
			sourceTree = "<group>";
		};
/* End PBXGroup section */

/* Begin PBXNativeTarget section */
		C5D920C02F732FE8003D0A74 /* DGTStudioPro */ = {
			isa = PBXNativeTarget;
			buildConfigurationList = C5D920E42F732FE9003D0A74 /* Build configuration list for PBXNativeTarget "DGTStudioPro" */;
			buildPhases = (
				C5D920BD2F732FE8003D0A74 /* Sources */,
				C5D920BE2F732FE8003D0A74 /* Frameworks */,
				C5D920BF2F732FE8003D0A74 /* Resources */,
			);
			buildRules = (
			);
			dependencies = (
			);
			fileSystemSynchronizedGroups = (
				C5D920C32F732FE8003D0A74 /* DGTStudioPro */,
			);
			name = DGTStudioPro;
			packageProductDependencies = (
			);
			productName = DGTStudioPro;
			productReference = C5D920C12F732FE8003D0A74 /* DGTStudioPro.app */;
			productType = "com.apple.product-type.application";
		};
		C5D920CF2F732FE9003D0A74 /* DGTStudioProTests */ = {
			isa = PBXNativeTarget;
			buildConfigurationList = C5D920E72F732FE9003D0A74 /* Build configuration list for PBXNativeTarget "DGTStudioProTests" */;
			buildPhases = (
				C5D920CC2F732FE9003D0A74 /* Sources */,
				C5D920CD2F732FE9003D0A74 /* Frameworks */,
				C5D920CE2F732FE9003D0A74 /* Resources */,
			);
			buildRules = (
			);
			dependencies = (
				C5D920D22F732FE9003D0A74 /* PBXTargetDependency */,
			);
			fileSystemSynchronizedGroups = (
				C5D920D32F732FE9003D0A74 /* DGTStudioProTests */,
			);
			name = DGTStudioProTests;
			packageProductDependencies = (
			);
			productName = DGTStudioProTests;
			productReference = C5D920D02F732FE9003D0A74 /* DGTStudioProTests.xctest */;
			productType = "com.apple.product-type.bundle.unit-test";
		};
		C5D920D92F732FE9003D0A74 /* DGTStudioProUITests */ = {
			isa = PBXNativeTarget;
			buildConfigurationList = C5D920EA2F732FE9003D0A74 /* Build configuration list for PBXNativeTarget "DGTStudioProUITests" */;
			buildPhases = (
				C5D920D62F732FE9003D0A74 /* Sources */,
				C5D920D72F732FE9003D0A74 /* Frameworks */,
				C5D920D82F732FE9003D0A74 /* Resources */,
			);
			buildRules = (
			);
			dependencies = (
				C5D920DC2F732FE9003D0A74 /* PBXTargetDependency */,
			);
			fileSystemSynchronizedGroups = (
				C5D920DD2F732FE9003D0A74 /* DGTStudioProUITests */,
			);
			name = DGTStudioProUITests;
			packageProductDependencies = (
			);
			productName = DGTStudioProUITests;
			productReference = C5D920DA2F732FE9003D0A74 /* DGTStudioProUITests.xctest */;
			productType = "com.apple.product-type.bundle.ui-testing";
		};
/* End PBXNativeTarget section */

/* Begin PBXProject section */
		C5D920B92F732FE8003D0A74 /* Project object */ = {
			isa = PBXProject;
			attributes = {
				BuildIndependentTargetsInParallel = 1;
				LastSwiftUpdateCheck = 2630;
				LastUpgradeCheck = 2630;
				TargetAttributes = {
					C5D920C02F732FE8003D0A74 = {
						CreatedOnToolsVersion = 26.3;
					};
					C5D920CF2F732FE9003D0A74 = {
						CreatedOnToolsVersion = 26.3;
						TestTargetID = C5D920C02F732FE8003D0A74;
					};
					C5D920D92F732FE9003D0A74 = {
						CreatedOnToolsVersion = 26.3;
						TestTargetID = C5D920C02F732FE8003D0A74;
					};
				};
			};
			buildConfigurationList = C5D920BC2F732FE8003D0A74 /* Build configuration list for PBXProject "DGTStudioPro" */;
			developmentRegion = en;
			hasScannedForEncodings = 0;
			knownRegions = (
				en,
				Base,
			);
			mainGroup = C5D920B82F732FE8003D0A74;
			minimizedProjectReferenceProxies = 1;
			preferredProjectObjectVersion = 77;
			productRefGroup = C5D920C22F732FE8003D0A74 /* Products */;
			projectDirPath = "";
			projectRoot = "";
			targets = (
				C5D920C02F732FE8003D0A74 /* DGTStudioPro */,
				C5D920CF2F732FE9003D0A74 /* DGTStudioProTests */,
				C5D920D92F732FE9003D0A74 /* DGTStudioProUITests */,
			);
		};
/* End PBXProject section */

/* Begin PBXResourcesBuildPhase section */
		C5D920BF2F732FE8003D0A74 /* Resources */ = {
			isa = PBXResourcesBuildPhase;
			buildActionMask = 2147483647;
			files = (
			);
			runOnlyForDeploymentPostprocessing = 0;
		};
		C5D920CE2F732FE9003D0A74 /* Resources */ = {
			isa = PBXResourcesBuildPhase;
			buildActionMask = 2147483647;
			files = (
			);
			runOnlyForDeploymentPostprocessing = 0;
		};
		C5D920D82F732FE9003D0A74 /* Resources */ = {
			isa = PBXResourcesBuildPhase;
			buildActionMask = 2147483647;
			files = (
			);
			runOnlyForDeploymentPostprocessing = 0;
		};
/* End PBXResourcesBuildPhase section */

/* Begin PBXSourcesBuildPhase section */
		C5D920BD2F732FE8003D0A74 /* Sources */ = {
			isa = PBXSourcesBuildPhase;
			buildActionMask = 2147483647;
			files = (
			);
			runOnlyForDeploymentPostprocessing = 0;
		};
		C5D920CC2F732FE9003D0A74 /* Sources */ = {
			isa = PBXSourcesBuildPhase;
			buildActionMask = 2147483647;
			files = (
			);
			runOnlyForDeploymentPostprocessing = 0;
		};
		C5D920D62F732FE9003D0A74 /* Sources */ = {
			isa = PBXSourcesBuildPhase;
			buildActionMask = 2147483647;
			files = (
			);
			runOnlyForDeploymentPostprocessing = 0;
		};
/* End PBXSourcesBuildPhase section */

/* Begin PBXTargetDependency section */
		C5D920D22F732FE9003D0A74 /* PBXTargetDependency */ = {
			isa = PBXTargetDependency;
			target = C5D920C02F732FE8003D0A74 /* DGTStudioPro */;
			targetProxy = C5D920D12F732FE9003D0A74 /* PBXContainerItemProxy */;
		};
		C5D920DC2F732FE9003D0A74 /* PBXTargetDependency */ = {
			isa = PBXTargetDependency;
			target = C5D920C02F732FE8003D0A74 /* DGTStudioPro */;
			targetProxy = C5D920DB2F732FE9003D0A74 /* PBXContainerItemProxy */;
		};
/* End PBXTargetDependency section */

/* Begin XCBuildConfiguration section */
		C5D920E22F732FE9003D0A74 /* Debug */ = {
			isa = XCBuildConfiguration;
			buildSettings = {
				ALWAYS_SEARCH_USER_PATHS = NO;
				ASSETCATALOG_COMPILER_GENERATE_SWIFT_ASSET_SYMBOL_EXTENSIONS = YES;
				CLANG_ANALYZER_NONNULL = YES;
				CLANG_ANALYZER_NUMBER_OBJECT_CONVERSION = YES_AGGRESSIVE;
				CLANG_CXX_LANGUAGE_STANDARD = "gnu++20";
				CLANG_ENABLE_MODULES = YES;
				CLANG_ENABLE_OBJC_ARC = YES;
				CLANG_ENABLE_OBJC_WEAK = YES;
				CLANG_WARN_BLOCK_CAPTURE_AUTORELEASING = YES;
				CLANG_WARN_BOOL_CONVERSION = YES;
				CLANG_WARN_COMMA = YES;
				CLANG_WARN_CONSTANT_CONVERSION = YES;
				CLANG_WARN_DEPRECATED_OBJC_IMPLEMENTATIONS = YES;
				CLANG_WARN_DIRECT_OBJC_ISA_USAGE = YES_ERROR;
				CLANG_WARN_DOCUMENTATION_COMMENTS = YES;
				CLANG_WARN_EMPTY_BODY = YES;
				CLANG_WARN_ENUM_CONVERSION = YES;
				CLANG_WARN_INFINITE_RECURSION = YES;
				CLANG_WARN_INT_CONVERSION = YES;
				CLANG_WARN_NON_LITERAL_NULL_CONVERSION = YES;
				CLANG_WARN_OBJC_IMPLICIT_RETAIN_SELF = YES;
				CLANG_WARN_OBJC_LITERAL_CONVERSION = YES;
				CLANG_WARN_OBJC_ROOT_CLASS = YES_ERROR;
				CLANG_WARN_QUOTED_INCLUDE_IN_FRAMEWORK_HEADER = YES;
				CLANG_WARN_RANGE_LOOP_ANALYSIS = YES;
				CLANG_WARN_STRICT_PROTOTYPES = YES;
				CLANG_WARN_SUSPICIOUS_MOVE = YES;
				CLANG_WARN_UNGUARDED_AVAILABILITY = YES_AGGRESSIVE;
				CLANG_WARN_UNREACHABLE_CODE = YES;
				CLANG_WARN__DUPLICATE_METHOD_MATCH = YES;
				COPY_PHASE_STRIP = NO;
				DEBUG_INFORMATION_FORMAT = dwarf;
				ENABLE_STRICT_OBJC_MSGSEND = YES;
				ENABLE_TESTABILITY = YES;
				ENABLE_USER_SCRIPT_SANDBOXING = YES;
				GCC_C_LANGUAGE_STANDARD = gnu17;
				GCC_DYNAMIC_NO_PIC = NO;
				GCC_NO_COMMON_BLOCKS = YES;
				GCC_OPTIMIZATION_LEVEL = 0;
				GCC_PREPROCESSOR_DEFINITIONS = (
					"DEBUG=1",
					"$(inherited)",
				);
				GCC_WARN_64_TO_32_BIT_CONVERSION = YES;
				GCC_WARN_ABOUT_RETURN_TYPE = YES_ERROR;
				GCC_WARN_UNDECLARED_SELECTOR = YES;
				GCC_WARN_UNINITIALIZED_AUTOS = YES_AGGRESSIVE;
				GCC_WARN_UNUSED_FUNCTION = YES;
				GCC_WARN_UNUSED_VARIABLE = YES;
				LOCALIZATION_PREFERS_STRING_CATALOGS = YES;
				MACOSX_DEPLOYMENT_TARGET = 26.2;
				MTL_ENABLE_DEBUG_INFO = INCLUDE_SOURCE;
				MTL_FAST_MATH = YES;
				ONLY_ACTIVE_ARCH = YES;
				SDKROOT = macosx;
				SWIFT_ACTIVE_COMPILATION_CONDITIONS = "DEBUG $(inherited)";
				SWIFT_OPTIMIZATION_LEVEL = "-Onone";
			};
			name = Debug;
		};
		C5D920E32F732FE9003D0A74 /* Release */ = {
			isa = XCBuildConfiguration;
			buildSettings = {
				ALWAYS_SEARCH_USER_PATHS = NO;
				ASSETCATALOG_COMPILER_GENERATE_SWIFT_ASSET_SYMBOL_EXTENSIONS = YES;
				CLANG_ANALYZER_NONNULL = YES;
				CLANG_ANALYZER_NUMBER_OBJECT_CONVERSION = YES_AGGRESSIVE;
				CLANG_CXX_LANGUAGE_STANDARD = "gnu++20";
				CLANG_ENABLE_MODULES = YES;
				CLANG_ENABLE_OBJC_ARC = YES;
				CLANG_ENABLE_OBJC_WEAK = YES;
				CLANG_WARN_BLOCK_CAPTURE_AUTORELEASING = YES;
				CLANG_WARN_BOOL_CONVERSION = YES;
				CLANG_WARN_COMMA = YES;
				CLANG_WARN_CONSTANT_CONVERSION = YES;
				CLANG_WARN_DEPRECATED_OBJC_IMPLEMENTATIONS = YES;
				CLANG_WARN_DIRECT_OBJC_ISA_USAGE = YES_ERROR;
				CLANG_WARN_DOCUMENTATION_COMMENTS = YES;
				CLANG_WARN_EMPTY_BODY = YES;
				CLANG_WARN_ENUM_CONVERSION = YES;
				CLANG_WARN_INFINITE_RECURSION = YES;
				CLANG_WARN_INT_CONVERSION = YES;
				CLANG_WARN_NON_LITERAL_NULL_CONVERSION = YES;
				CLANG_WARN_OBJC_IMPLICIT_RETAIN_SELF = YES;
				CLANG_WARN_OBJC_LITERAL_CONVERSION = YES;
				CLANG_WARN_OBJC_ROOT_CLASS = YES_ERROR;
				CLANG_WARN_QUOTED_INCLUDE_IN_FRAMEWORK_HEADER = YES;
				CLANG_WARN_RANGE_LOOP_ANALYSIS = YES;
				CLANG_WARN_STRICT_PROTOTYPES = YES;
				CLANG_WARN_SUSPICIOUS_MOVE = YES;
				CLANG_WARN_UNGUARDED_AVAILABILITY = YES_AGGRESSIVE;
				CLANG_WARN_UNREACHABLE_CODE = YES;
				CLANG_WARN__DUPLICATE_METHOD_MATCH = YES;
				COPY_PHASE_STRIP = NO;
				DEBUG_INFORMATION_FORMAT = "dwarf-with-dsym";
				ENABLE_NS_ASSERTIONS = NO;
				ENABLE_STRICT_OBJC_MSGSEND = YES;
				ENABLE_USER_SCRIPT_SANDBOXING = YES;
				GCC_C_LANGUAGE_STANDARD = gnu17;
				GCC_NO_COMMON_BLOCKS = YES;
				GCC_WARN_64_TO_32_BIT_CONVERSION = YES;
				GCC_WARN_ABOUT_RETURN_TYPE = YES_ERROR;
				GCC_WARN_UNDECLARED_SELECTOR = YES;
				GCC_WARN_UNINITIALIZED_AUTOS = YES_AGGRESSIVE;
				GCC_WARN_UNUSED_FUNCTION = YES;
				GCC_WARN_UNUSED_VARIABLE = YES;
				LOCALIZATION_PREFERS_STRING_CATALOGS = YES;
				MACOSX_DEPLOYMENT_TARGET = 26.2;
				MTL_ENABLE_DEBUG_INFO = NO;
				MTL_FAST_MATH = YES;
				SDKROOT = macosx;
				SWIFT_COMPILATION_MODE = wholemodule;
			};
			name = Release;
		};
		C5D920E52F732FE9003D0A74 /* Debug */ = {
			isa = XCBuildConfiguration;
			buildSettings = {
				ASSETCATALOG_COMPILER_APPICON_NAME = AppIcon;
				ASSETCATALOG_COMPILER_GLOBAL_ACCENT_COLOR_NAME = AccentColor;
				CODE_SIGN_STYLE = Automatic;
				COMBINE_HIDPI_IMAGES = YES;
				CURRENT_PROJECT_VERSION = 1;
				ENABLE_APP_SANDBOX = YES;
				ENABLE_PREVIEWS = YES;
				ENABLE_USER_SELECTED_FILES = readonly;
				GENERATE_INFOPLIST_FILE = YES;
				INFOPLIST_KEY_NSHumanReadableCopyright = "";
				LD_RUNPATH_SEARCH_PATHS = (
					"$(inherited)",
					"@executable_path/../Frameworks",
				);
				MARKETING_VERSION = 1.0;
				PRODUCT_BUNDLE_IDENTIFIER = BeraSenol.DGTStudioPro;
				PRODUCT_NAME = "$(TARGET_NAME)";
				REGISTER_APP_GROUPS = YES;
				STRING_CATALOG_GENERATE_SYMBOLS = YES;
				SWIFT_APPROACHABLE_CONCURRENCY = YES;
				SWIFT_DEFAULT_ACTOR_ISOLATION = MainActor;
				SWIFT_EMIT_LOC_STRINGS = YES;
				SWIFT_UPCOMING_FEATURE_MEMBER_IMPORT_VISIBILITY = YES;
				SWIFT_VERSION = 5.0;
			};
			name = Debug;
		};
		C5D920E62F732FE9003D0A74 /* Release */ = {
			isa = XCBuildConfiguration;
			buildSettings = {
				ASSETCATALOG_COMPILER_APPICON_NAME = AppIcon;
				ASSETCATALOG_COMPILER_GLOBAL_ACCENT_COLOR_NAME = AccentColor;
				CODE_SIGN_STYLE = Automatic;
				COMBINE_HIDPI_IMAGES = YES;
				CURRENT_PROJECT_VERSION = 1;
				ENABLE_APP_SANDBOX = YES;
				ENABLE_PREVIEWS = YES;
				ENABLE_USER_SELECTED_FILES = readonly;
				GENERATE_INFOPLIST_FILE = YES;
				INFOPLIST_KEY_NSHumanReadableCopyright = "";
				LD_RUNPATH_SEARCH_PATHS = (
					"$(inherited)",
					"@executable_path/../Frameworks",
				);
				MARKETING_VERSION = 1.0;
				PRODUCT_BUNDLE_IDENTIFIER = BeraSenol.DGTStudioPro;
				PRODUCT_NAME = "$(TARGET_NAME)";
				REGISTER_APP_GROUPS = YES;
				STRING_CATALOG_GENERATE_SYMBOLS = YES;
				SWIFT_APPROACHABLE_CONCURRENCY = YES;
				SWIFT_DEFAULT_ACTOR_ISOLATION = MainActor;
				SWIFT_EMIT_LOC_STRINGS = YES;
				SWIFT_UPCOMING_FEATURE_MEMBER_IMPORT_VISIBILITY = YES;
				SWIFT_VERSION = 5.0;
			};
			name = Release;
		};
		C5D920E82F732FE9003D0A74 /* Debug */ = {
			isa = XCBuildConfiguration;
			buildSettings = {
				BUNDLE_LOADER = "$(TEST_HOST)";
				CODE_SIGN_STYLE = Automatic;
				CURRENT_PROJECT_VERSION = 1;
				GENERATE_INFOPLIST_FILE = YES;
				MACOSX_DEPLOYMENT_TARGET = 26.2;
				MARKETING_VERSION = 1.0;
				PRODUCT_BUNDLE_IDENTIFIER = BeraSenol.DGTStudioProTests;
				PRODUCT_NAME = "$(TARGET_NAME)";
				STRING_CATALOG_GENERATE_SYMBOLS = NO;
				SWIFT_APPROACHABLE_CONCURRENCY = YES;
				SWIFT_EMIT_LOC_STRINGS = NO;
				SWIFT_UPCOMING_FEATURE_MEMBER_IMPORT_VISIBILITY = YES;
				SWIFT_VERSION = 5.0;
				TEST_HOST = "$(BUILT_PRODUCTS_DIR)/DGTStudioPro.app/$(BUNDLE_EXECUTABLE_FOLDER_PATH)/DGTStudioPro";
			};
			name = Debug;
		};
		C5D920E92F732FE9003D0A74 /* Release */ = {
			isa = XCBuildConfiguration;
			buildSettings = {
				BUNDLE_LOADER = "$(TEST_HOST)";
				CODE_SIGN_STYLE = Automatic;
				CURRENT_PROJECT_VERSION = 1;
				GENERATE_INFOPLIST_FILE = YES;
				MACOSX_DEPLOYMENT_TARGET = 26.2;
				MARKETING_VERSION = 1.0;
				PRODUCT_BUNDLE_IDENTIFIER = BeraSenol.DGTStudioProTests;
				PRODUCT_NAME = "$(TARGET_NAME)";
				STRING_CATALOG_GENERATE_SYMBOLS = NO;
				SWIFT_APPROACHABLE_CONCURRENCY = YES;
				SWIFT_EMIT_LOC_STRINGS = NO;
				SWIFT_UPCOMING_FEATURE_MEMBER_IMPORT_VISIBILITY = YES;
				SWIFT_VERSION = 5.0;
				TEST_HOST = "$(BUILT_PRODUCTS_DIR)/DGTStudioPro.app/$(BUNDLE_EXECUTABLE_FOLDER_PATH)/DGTStudioPro";
			};
			name = Release;
		};
		C5D920EB2F732FE9003D0A74 /* Debug */ = {
			isa = XCBuildConfiguration;
			buildSettings = {
				CODE_SIGN_STYLE = Automatic;
				CURRENT_PROJECT_VERSION = 1;
				GENERATE_INFOPLIST_FILE = YES;
				MARKETING_VERSION = 1.0;
				PRODUCT_BUNDLE_IDENTIFIER = BeraSenol.DGTStudioProUITests;
				PRODUCT_NAME = "$(TARGET_NAME)";
				STRING_CATALOG_GENERATE_SYMBOLS = NO;
				SWIFT_APPROACHABLE_CONCURRENCY = YES;
				SWIFT_EMIT_LOC_STRINGS = NO;
				SWIFT_UPCOMING_FEATURE_MEMBER_IMPORT_VISIBILITY = YES;
				SWIFT_VERSION = 5.0;
				TEST_TARGET_NAME = DGTStudioPro;
			};
			name = Debug;
		};
		C5D920EC2F732FE9003D0A74 /* Release */ = {
			isa = XCBuildConfiguration;
			buildSettings = {
				CODE_SIGN_STYLE = Automatic;
				CURRENT_PROJECT_VERSION = 1;
				GENERATE_INFOPLIST_FILE = YES;
				MARKETING_VERSION = 1.0;
				PRODUCT_BUNDLE_IDENTIFIER = BeraSenol.DGTStudioProUITests;
				PRODUCT_NAME = "$(TARGET_NAME)";
				STRING_CATALOG_GENERATE_SYMBOLS = NO;
				SWIFT_APPROACHABLE_CONCURRENCY = YES;
				SWIFT_EMIT_LOC_STRINGS = NO;
				SWIFT_UPCOMING_FEATURE_MEMBER_IMPORT_VISIBILITY = YES;
				SWIFT_VERSION = 5.0;
				TEST_TARGET_NAME = DGTStudioPro;
			};
			name = Release;
		};
/* End XCBuildConfiguration section */

/* Begin XCConfigurationList section */
		C5D920BC2F732FE8003D0A74 /* Build configuration list for PBXProject "DGTStudioPro" */ = {
			isa = XCConfigurationList;
			buildConfigurations = (
				C5D920E22F732FE9003D0A74 /* Debug */,
				C5D920E32F732FE9003D0A74 /* Release */,
			);
			defaultConfigurationIsVisible = 0;
			defaultConfigurationName = Release;
		};
		C5D920E42F732FE9003D0A74 /* Build configuration list for PBXNativeTarget "DGTStudioPro" */ = {
			isa = XCConfigurationList;
			buildConfigurations = (
				C5D920E52F732FE9003D0A74 /* Debug */,
				C5D920E62F732FE9003D0A74 /* Release */,
			);
			defaultConfigurationIsVisible = 0;
			defaultConfigurationName = Release;
		};
		C5D920E72F732FE9003D0A74 /* Build configuration list for PBXNativeTarget "DGTStudioProTests" */ = {
			isa = XCConfigurationList;
			buildConfigurations = (
				C5D920E82F732FE9003D0A74 /* Debug */,
				C5D920E92F732FE9003D0A74 /* Release */,
			);
			defaultConfigurationIsVisible = 0;
			defaultConfigurationName = Release;
		};
		C5D920EA2F732FE9003D0A74 /* Build configuration list for PBXNativeTarget "DGTStudioProUITests" */ = {
			isa = XCConfigurationList;
			buildConfigurations = (
				C5D920EB2F732FE9003D0A74 /* Debug */,
				C5D920EC2F732FE9003D0A74 /* Release */,
			);
			defaultConfigurationIsVisible = 0;
			defaultConfigurationName = Release;
		};
/* End XCConfigurationList section */
	};
	rootObject = C5D920B92F732FE8003D0A74 /* Project object */;
}
